
Microsoft Visual Studio Solution File, Format Version 12.00
# Visual Studio 15
VisualStudioVersion = 15.0.27703.2042
MinimumVisualStudioVersion = 10.0.40219.1
Project("{9A19103F-16F7-4668-BE54-9A1E7A4F7556}") = "Lider.DPVAT.APIFonetica.UI", "Lider.DPVAT.APIFonetica\Lider.DPVAT.APIFonetica.UI.csproj", "{E69DC9A3-623D-4C0C-AD13-EC3DD2751D1A}"
EndProject
Project("{2150E333-8FDC-42A3-9474-1A3956D46DE8}") = "0-UI", "0-UI", "{E20EA984-2CB9-4446-9BBD-3E59BA4C9895}"
EndProject
Project("{2150E333-8FDC-42A3-9474-1A3956D46DE8}") = "1-Application", "1-Application", "{777BDA8D-3F97-4B3C-8CFB-647DF9B61597}"
EndProject
Project("{2150E333-8FDC-42A3-9474-1A3956D46DE8}") = "2-Domain", "2-Domain", "{58EBC616-60C7-45D7-A08B-C6F08F977EA7}"
EndProject
Project("{2150E333-8FDC-42A3-9474-1A3956D46DE8}") = "3-Infra", "3-Infra", "{64FB0BF3-569A-45E8-8DF2-DF96FAF96DCA}"
EndProject
Project("{2150E333-8FDC-42A3-9474-1A3956D46DE8}") = "4-Test", "4-Test", "{283B1FB1-0695-4948-A0BB-D1E009583623}"
EndProject
Project("{9A19103F-16F7-4668-BE54-9A1E7A4F7556}") = "Lider.DPVAT.APIFonetica.Test", "Lider.DPVAT.APIFonetica.Test\Lider.DPVAT.APIFonetica.Test.csproj", "{B67EB36B-C4DF-4768-B9CE-E93031F06BBF}"
EndProject
Project("{2150E333-8FDC-42A3-9474-1A3956D46DE8}") = "3.1- CrossCutting", "3.1- CrossCutting", "{B9EE42E1-C668-443C-9AD0-3C9536A7FCA8}"
EndProject
Project("{9A19103F-16F7-4668-BE54-9A1E7A4F7556}") = "Lider.DPVAT.APIFonetica.Infra.CrossCutting", "Lider.DPVAT.APIFonetica.CrossCutting\Lider.DPVAT.APIFonetica.Infra.CrossCutting.csproj", "{7232C470-81DE-45A3-A3AD-D579719C2F1E}"
EndProject
Project("{9A19103F-16F7-4668-BE54-9A1E7A4F7556}") = "Lider.DPVAT.APIFonetica.Domain", "Lider.DPVAT.APIFonetica.Domain\Lider.DPVAT.APIFonetica.Domain.csproj", "{E7D2D1ED-3794-467B-949D-12EA91BA261B}"
EndProject
Project("{9A19103F-16F7-4668-BE54-9A1E7A4F7556}") = "Lider.DPVAT.APIFonetica.Application", "Lider.DPVAT.APIFonetica.Application\Lider.DPVAT.APIFonetica.Application.csproj", "{42BDDF9D-F409-4632-B7AE-E844EFBC62AF}"
EndProject
Project("{9A19103F-16F7-4668-BE54-9A1E7A4F7556}") = "3.2 - Lider.DPVAT.APIFonetica.Infra.Agent", "3.2 - Help\3.2 - Lider.DPVAT.APIFonetica.Infra.Agent.csproj", "{4BB6B155-D3EE-48AB-B2CD-A1035C6E2EB4}"
EndProject
Project("{2150E333-8FDC-42A3-9474-1A3956D46DE8}") = "3.2- Agent", "3.2- Agent", "{137688B5-9B22-45AB-A8A8-7E548AF292F0}"
EndProject
Global
	GlobalSection(SolutionConfigurationPlatforms) = preSolution
		Debug|Any CPU = Debug|Any CPU
		Release|Any CPU = Release|Any CPU
	EndGlobalSection
	GlobalSection(ProjectConfigurationPlatforms) = postSolution
		{E69DC9A3-623D-4C0C-AD13-EC3DD2751D1A}.Debug|Any CPU.ActiveCfg = Debug|Any CPU
		{E69DC9A3-623D-4C0C-AD13-EC3DD2751D1A}.Debug|Any CPU.Build.0 = Debug|Any CPU
		{E69DC9A3-623D-4C0C-AD13-EC3DD2751D1A}.Release|Any CPU.ActiveCfg = Release|Any CPU
		{E69DC9A3-623D-4C0C-AD13-EC3DD2751D1A}.Release|Any CPU.Build.0 = Release|Any CPU
		{B67EB36B-C4DF-4768-B9CE-E93031F06BBF}.Debug|Any CPU.ActiveCfg = Debug|Any CPU
		{B67EB36B-C4DF-4768-B9CE-E93031F06BBF}.Debug|Any CPU.Build.0 = Debug|Any CPU
		{B67EB36B-C4DF-4768-B9CE-E93031F06BBF}.Release|Any CPU.ActiveCfg = Release|Any CPU
		{B67EB36B-C4DF-4768-B9CE-E93031F06BBF}.Release|Any CPU.Build.0 = Release|Any CPU
		{7232C470-81DE-45A3-A3AD-D579719C2F1E}.Debug|Any CPU.ActiveCfg = Debug|Any CPU
		{7232C470-81DE-45A3-A3AD-D579719C2F1E}.Debug|Any CPU.Build.0 = Debug|Any CPU
		{7232C470-81DE-45A3-A3AD-D579719C2F1E}.Release|Any CPU.ActiveCfg = Release|Any CPU
		{7232C470-81DE-45A3-A3AD-D579719C2F1E}.Release|Any CPU.Build.0 = Release|Any CPU
		{E7D2D1ED-3794-467B-949D-12EA91BA261B}.Debug|Any CPU.ActiveCfg = Debug|Any CPU
		{E7D2D1ED-3794-467B-949D-12EA91BA261B}.Debug|Any CPU.Build.0 = Debug|Any CPU
		{E7D2D1ED-3794-467B-949D-12EA91BA261B}.Release|Any CPU.ActiveCfg = Release|Any CPU
		{E7D2D1ED-3794-467B-949D-12EA91BA261B}.Release|Any CPU.Build.0 = Release|Any CPU
		{42BDDF9D-F409-4632-B7AE-E844EFBC62AF}.Debug|Any CPU.ActiveCfg = Debug|Any CPU
		{42BDDF9D-F409-4632-B7AE-E844EFBC62AF}.Debug|Any CPU.Build.0 = Debug|Any CPU
		{42BDDF9D-F409-4632-B7AE-E844EFBC62AF}.Release|Any CPU.ActiveCfg = Release|Any CPU
		{42BDDF9D-F409-4632-B7AE-E844EFBC62AF}.Release|Any CPU.Build.0 = Release|Any CPU
		{4BB6B155-D3EE-48AB-B2CD-A1035C6E2EB4}.Debug|Any CPU.ActiveCfg = Debug|Any CPU
		{4BB6B155-D3EE-48AB-B2CD-A1035C6E2EB4}.Debug|Any CPU.Build.0 = Debug|Any CPU
		{4BB6B155-D3EE-48AB-B2CD-A1035C6E2EB4}.Release|Any CPU.ActiveCfg = Release|Any CPU
		{4BB6B155-D3EE-48AB-B2CD-A1035C6E2EB4}.Release|Any CPU.Build.0 = Release|Any CPU
	EndGlobalSection
	GlobalSection(SolutionProperties) = preSolution
		HideSolutionNode = FALSE
	EndGlobalSection
	GlobalSection(NestedProjects) = preSolution
		{E69DC9A3-623D-4C0C-AD13-EC3DD2751D1A} = {E20EA984-2CB9-4446-9BBD-3E59BA4C9895}
		{B67EB36B-C4DF-4768-B9CE-E93031F06BBF} = {283B1FB1-0695-4948-A0BB-D1E009583623}
		{B9EE42E1-C668-443C-9AD0-3C9536A7FCA8} = {64FB0BF3-569A-45E8-8DF2-DF96FAF96DCA}
		{7232C470-81DE-45A3-A3AD-D579719C2F1E} = {B9EE42E1-C668-443C-9AD0-3C9536A7FCA8}
		{E7D2D1ED-3794-467B-949D-12EA91BA261B} = {58EBC616-60C7-45D7-A08B-C6F08F977EA7}
		{42BDDF9D-F409-4632-B7AE-E844EFBC62AF} = {777BDA8D-3F97-4B3C-8CFB-647DF9B61597}
		{4BB6B155-D3EE-48AB-B2CD-A1035C6E2EB4} = {137688B5-9B22-45AB-A8A8-7E548AF292F0}
		{137688B5-9B22-45AB-A8A8-7E548AF292F0} = {64FB0BF3-569A-45E8-8DF2-DF96FAF96DCA}
	EndGlobalSection
	GlobalSection(ExtensibilityGlobals) = postSolution
		SolutionGuid = {4E3DD76A-00F1-41B2-9695-2DE64A944CE5}
	EndGlobalSection
EndGlobal
